
Microsoft Visual Studio Solution File, Format Version 12.00
# Visual Studio Version 17
VisualStudioVersion = 17.5.33502.453
MinimumVisualStudioVersion = 10.0.40219.1
Project("{FAE04EC0-301F-11D3-BF4B-00C04F79EFBC}") = "GitDemo", "GitDemo.csproj", "{B7F11CEE-3C50-4545-B25F-FD73AF58F8A1}"
EndProject
Global
	GlobalSection(SolutionConfigurationPlatforms) = preSolution
		Debug|Any CPU = Debug|Any CPU
		Release|Any CPU = Release|Any CPU
	EndGlobalSection
	GlobalSection(ProjectConfigurationPlatforms) = postSolution
		{B7F11CEE-3C50-4545-B25F-FD73AF58F8A1}.Debug|Any CPU.ActiveCfg = Debug|Any CPU
		{B7F11CEE-3C50-4545-B25F-FD73AF58F8A1}.Debug|Any CPU.Build.0 = Debug|Any CPU
		{B7F11CEE-3C50-4545-B25F-FD73AF58F8A1}.Release|Any CPU.ActiveCfg = Release|Any CPU
		{B7F11CEE-3C50-4545-B25F-FD73AF58F8A1}.Release|Any CPU.Build.0 = Release|Any CPU
	EndGlobalSection
	GlobalSection(SolutionProperties) = preSolution
		HideSolutionNode = FALSE
	EndGlobalSection
	GlobalSection(ExtensibilityGlobals) = postSolution
		SolutionGuid = {BAE2D4D1-1832-44B5-9346-96A1906AFAAA}
	EndGlobalSection
EndGlobal
